
Microsoft Visual Studio Solution File, Format Version 12.00
# Visual Studio Version 17
VisualStudioVersion = 17.7.34221.43
MinimumVisualStudioVersion = 10.0.40219.1
Project("{FAE04EC0-301F-11D3-BF4B-00C04F79EFBC}") = "TimerProject", "TimerProject\TimerProject.csproj", "{0D37B92D-508D-450E-B5F5-491C9A67A92A}"
EndProject
Global
	GlobalSection(SolutionConfigurationPlatforms) = preSolution
		Debug|Any CPU = Debug|Any CPU
		Release|Any CPU = Release|Any CPU
	EndGlobalSection
	GlobalSection(ProjectConfigurationPlatforms) = postSolution
		{0D37B92D-508D-450E-B5F5-491C9A67A92A}.Debug|Any CPU.ActiveCfg = Debug|Any CPU
		{0D37B92D-508D-450E-B5F5-491C9A67A92A}.Debug|Any CPU.Build.0 = Debug|Any CPU
		{0D37B92D-508D-450E-B5F5-491C9A67A92A}.Release|Any CPU.ActiveCfg = Release|Any CPU
		{0D37B92D-508D-450E-B5F5-491C9A67A92A}.Release|Any CPU.Build.0 = Release|Any CPU
	EndGlobalSection
	GlobalSection(SolutionProperties) = preSolution
		HideSolutionNode = FALSE
	EndGlobalSection
	GlobalSection(ExtensibilityGlobals) = postSolution
		SolutionGuid = {128BC996-14E7-4EA2-80DD-671F282488CB}
	EndGlobalSection
EndGlobal
